
Microsoft Visual Studio Solution File, Format Version 12.00
# Visual Studio Version 17
VisualStudioVersion = 17.0.31903.59
MinimumVisualStudioVersion = 10.0.40219.1
Project("{2150E333-8FDC-42A3-9474-1A3956D46DE8}") = "src", "src", "{827E0CD3-B72D-47B6-A68D-7590B98EB39B}"
EndProject
Project("{2150E333-8FDC-42A3-9474-1A3956D46DE8}") = "Shared", "Shared", "{C8E42992-5E42-0C2B-DBFE-AA848D06431C}"
EndProject
Project("{FAE04EC0-301F-11D3-BF4B-00C04F79EFBC}") = "AIHealthcareCopilot.Shared.Models", "src\Shared\AIHealthcareCopilot.Shared.Models\AIHealthcareCopilot.Shared.Models.csproj", "{54DC431A-E22C-409F-AD5E-58CF676AFD40}"
EndProject
Project("{FAE04EC0-301F-11D3-BF4B-00C04F79EFBC}") = "AIHealthcareCopilot.Shared.Contracts", "src\Shared\AIHealthcareCopilot.Shared.Contracts\AIHealthcareCopilot.Shared.Contracts.csproj", "{A12D991D-5797-41B4-A413-B08872B1B461}"
EndProject
Project("{2150E333-8FDC-42A3-9474-1A3956D46DE8}") = "Services", "Services", "{984BB9B3-3FA3-BE33-9484-CAC21695A33C}"
EndProject
Project("{FAE04EC0-301F-11D3-BF4B-00C04F79EFBC}") = "AIHealthcareCopilot.PatientRecords.API", "src\Services\AIHealthcareCopilot.PatientRecords.API\AIHealthcareCopilot.PatientRecords.API.csproj", "{36CD5346-72D2-457E-98EB-66A2028EC214}"
EndProject
Project("{FAE04EC0-301F-11D3-BF4B-00C04F79EFBC}") = "AIHealthcareCopilot.AIAnalysis.API", "src\Services\AIHealthcareCopilot.AIAnalysis.API\AIHealthcareCopilot.AIAnalysis.API.csproj", "{49DB18D8-1838-4587-9B2D-CF60AD8DC7AC}"
EndProject
Project("{FAE04EC0-301F-11D3-BF4B-00C04F79EFBC}") = "AIHealthcareCopilot.Authentication.API", "src\Services\AIHealthcareCopilot.Authentication.API\AIHealthcareCopilot.Authentication.API.csproj", "{ADE22B5B-6BD5-42C3-B43E-60340CCA5425}"
EndProject
Project("{2150E333-8FDC-42A3-9474-1A3956D46DE8}") = "Gateway", "Gateway", "{6306A8FB-679E-111F-6585-8F70E0EE6013}"
EndProject
Project("{FAE04EC0-301F-11D3-BF4B-00C04F79EFBC}") = "AIHealthcareCopilot.Gateway.API", "src\Gateway\AIHealthcareCopilot.Gateway.API\AIHealthcareCopilot.Gateway.API.csproj", "{36BC37AF-A95D-49E0-AA11-D93D0BC6C8BE}"
EndProject
Project("{2150E333-8FDC-42A3-9474-1A3956D46DE8}") = "Web", "Web", "{03997797-E7F5-0643-168D-B8EA7178C2FE}"
EndProject
Project("{FAE04EC0-301F-11D3-BF4B-00C04F79EFBC}") = "AIHealthcareCopilot.DoctorDashboard", "src\Web\AIHealthcareCopilot.DoctorDashboard\AIHealthcareCopilot.DoctorDashboard.csproj", "{56564466-C890-48BC-B034-4CC4AC72DB84}"
EndProject
Global
	GlobalSection(SolutionConfigurationPlatforms) = preSolution
		Debug|Any CPU = Debug|Any CPU
		Debug|x64 = Debug|x64
		Debug|x86 = Debug|x86
		Release|Any CPU = Release|Any CPU
		Release|x64 = Release|x64
		Release|x86 = Release|x86
	EndGlobalSection
	GlobalSection(ProjectConfigurationPlatforms) = postSolution
		{54DC431A-E22C-409F-AD5E-58CF676AFD40}.Debug|Any CPU.ActiveCfg = Debug|Any CPU
		{54DC431A-E22C-409F-AD5E-58CF676AFD40}.Debug|Any CPU.Build.0 = Debug|Any CPU
		{54DC431A-E22C-409F-AD5E-58CF676AFD40}.Debug|x64.ActiveCfg = Debug|Any CPU
		{54DC431A-E22C-409F-AD5E-58CF676AFD40}.Debug|x64.Build.0 = Debug|Any CPU
		{54DC431A-E22C-409F-AD5E-58CF676AFD40}.Debug|x86.ActiveCfg = Debug|Any CPU
		{54DC431A-E22C-409F-AD5E-58CF676AFD40}.Debug|x86.Build.0 = Debug|Any CPU
		{54DC431A-E22C-409F-AD5E-58CF676AFD40}.Release|Any CPU.ActiveCfg = Release|Any CPU
		{54DC431A-E22C-409F-AD5E-58CF676AFD40}.Release|Any CPU.Build.0 = Release|Any CPU
		{54DC431A-E22C-409F-AD5E-58CF676AFD40}.Release|x64.ActiveCfg = Release|Any CPU
		{54DC431A-E22C-409F-AD5E-58CF676AFD40}.Release|x64.Build.0 = Release|Any CPU
		{54DC431A-E22C-409F-AD5E-58CF676AFD40}.Release|x86.ActiveCfg = Release|Any CPU
		{54DC431A-E22C-409F-AD5E-58CF676AFD40}.Release|x86.Build.0 = Release|Any CPU
		{A12D991D-5797-41B4-A413-B08872B1B461}.Debug|Any CPU.ActiveCfg = Debug|Any CPU
		{A12D991D-5797-41B4-A413-B08872B1B461}.Debug|Any CPU.Build.0 = Debug|Any CPU
		{A12D991D-5797-41B4-A413-B08872B1B461}.Debug|x64.ActiveCfg = Debug|Any CPU
		{A12D991D-5797-41B4-A413-B08872B1B461}.Debug|x64.Build.0 = Debug|Any CPU
		{A12D991D-5797-41B4-A413-B08872B1B461}.Debug|x86.ActiveCfg = Debug|Any CPU
		{A12D991D-5797-41B4-A413-B08872B1B461}.Debug|x86.Build.0 = Debug|Any CPU
		{A12D991D-5797-41B4-A413-B08872B1B461}.Release|Any CPU.ActiveCfg = Release|Any CPU
		{A12D991D-5797-41B4-A413-B08872B1B461}.Release|Any CPU.Build.0 = Release|Any CPU
		{A12D991D-5797-41B4-A413-B08872B1B461}.Release|x64.ActiveCfg = Release|Any CPU
		{A12D991D-5797-41B4-A413-B08872B1B461}.Release|x64.Build.0 = Release|Any CPU
		{A12D991D-5797-41B4-A413-B08872B1B461}.Release|x86.ActiveCfg = Release|Any CPU
		{A12D991D-5797-41B4-A413-B08872B1B461}.Release|x86.Build.0 = Release|Any CPU
		{36CD5346-72D2-457E-98EB-66A2028EC214}.Debug|Any CPU.ActiveCfg = Debug|Any CPU
		{36CD5346-72D2-457E-98EB-66A2028EC214}.Debug|Any CPU.Build.0 = Debug|Any CPU
		{36CD5346-72D2-457E-98EB-66A2028EC214}.Debug|x64.ActiveCfg = Debug|Any CPU
		{36CD5346-72D2-457E-98EB-66A2028EC214}.Debug|x64.Build.0 = Debug|Any CPU
		{36CD5346-72D2-457E-98EB-66A2028EC214}.Debug|x86.ActiveCfg = Debug|Any CPU
		{36CD5346-72D2-457E-98EB-66A2028EC214}.Debug|x86.Build.0 = Debug|Any CPU
		{36CD5346-72D2-457E-98EB-66A2028EC214}.Release|Any CPU.ActiveCfg = Release|Any CPU
		{36CD5346-72D2-457E-98EB-66A2028EC214}.Release|Any CPU.Build.0 = Release|Any CPU
		{36CD5346-72D2-457E-98EB-66A2028EC214}.Release|x64.ActiveCfg = Release|Any CPU
		{36CD5346-72D2-457E-98EB-66A2028EC214}.Release|x64.Build.0 = Release|Any CPU
		{36CD5346-72D2-457E-98EB-66A2028EC214}.Release|x86.ActiveCfg = Release|Any CPU
		{36CD5346-72D2-457E-98EB-66A2028EC214}.Release|x86.Build.0 = Release|Any CPU
		{49DB18D8-1838-4587-9B2D-CF60AD8DC7AC}.Debug|Any CPU.ActiveCfg = Debug|Any CPU
		{49DB18D8-1838-4587-9B2D-CF60AD8DC7AC}.Debug|Any CPU.Build.0 = Debug|Any CPU
		{49DB18D8-1838-4587-9B2D-CF60AD8DC7AC}.Debug|x64.ActiveCfg = Debug|Any CPU
		{49DB18D8-1838-4587-9B2D-CF60AD8DC7AC}.Debug|x64.Build.0 = Debug|Any CPU
		{49DB18D8-1838-4587-9B2D-CF60AD8DC7AC}.Debug|x86.ActiveCfg = Debug|Any CPU
		{49DB18D8-1838-4587-9B2D-CF60AD8DC7AC}.Debug|x86.Build.0 = Debug|Any CPU
		{49DB18D8-1838-4587-9B2D-CF60AD8DC7AC}.Release|Any CPU.ActiveCfg = Release|Any CPU
		{49DB18D8-1838-4587-9B2D-CF60AD8DC7AC}.Release|Any CPU.Build.0 = Release|Any CPU
		{49DB18D8-1838-4587-9B2D-CF60AD8DC7AC}.Release|x64.ActiveCfg = Release|Any CPU
		{49DB18D8-1838-4587-9B2D-CF60AD8DC7AC}.Release|x64.Build.0 = Release|Any CPU
		{49DB18D8-1838-4587-9B2D-CF60AD8DC7AC}.Release|x86.ActiveCfg = Release|Any CPU
		{49DB18D8-1838-4587-9B2D-CF60AD8DC7AC}.Release|x86.Build.0 = Release|Any CPU
		{ADE22B5B-6BD5-42C3-B43E-60340CCA5425}.Debug|Any CPU.ActiveCfg = Debug|Any CPU
		{ADE22B5B-6BD5-42C3-B43E-60340CCA5425}.Debug|Any CPU.Build.0 = Debug|Any CPU
		{ADE22B5B-6BD5-42C3-B43E-60340CCA5425}.Debug|x64.ActiveCfg = Debug|Any CPU
		{ADE22B5B-6BD5-42C3-B43E-60340CCA5425}.Debug|x64.Build.0 = Debug|Any CPU
		{ADE22B5B-6BD5-42C3-B43E-60340CCA5425}.Debug|x86.ActiveCfg = Debug|Any CPU
		{ADE22B5B-6BD5-42C3-B43E-60340CCA5425}.Debug|x86.Build.0 = Debug|Any CPU
		{ADE22B5B-6BD5-42C3-B43E-60340CCA5425}.Release|Any CPU.ActiveCfg = Release|Any CPU
		{ADE22B5B-6BD5-42C3-B43E-60340CCA5425}.Release|Any CPU.Build.0 = Release|Any CPU
		{ADE22B5B-6BD5-42C3-B43E-60340CCA5425}.Release|x64.ActiveCfg = Release|Any CPU
		{ADE22B5B-6BD5-42C3-B43E-60340CCA5425}.Release|x64.Build.0 = Release|Any CPU
		{ADE22B5B-6BD5-42C3-B43E-60340CCA5425}.Release|x86.ActiveCfg = Release|Any CPU
		{ADE22B5B-6BD5-42C3-B43E-60340CCA5425}.Release|x86.Build.0 = Release|Any CPU
		{36BC37AF-A95D-49E0-AA11-D93D0BC6C8BE}.Debug|Any CPU.ActiveCfg = Debug|Any CPU
		{36BC37AF-A95D-49E0-AA11-D93D0BC6C8BE}.Debug|Any CPU.Build.0 = Debug|Any CPU
		{36BC37AF-A95D-49E0-AA11-D93D0BC6C8BE}.Debug|x64.ActiveCfg = Debug|Any CPU
		{36BC37AF-A95D-49E0-AA11-D93D0BC6C8BE}.Debug|x64.Build.0 = Debug|Any CPU
		{36BC37AF-A95D-49E0-AA11-D93D0BC6C8BE}.Debug|x86.ActiveCfg = Debug|Any CPU
		{36BC37AF-A95D-49E0-AA11-D93D0BC6C8BE}.Debug|x86.Build.0 = Debug|Any CPU
		{36BC37AF-A95D-49E0-AA11-D93D0BC6C8BE}.Release|Any CPU.ActiveCfg = Release|Any CPU
		{36BC37AF-A95D-49E0-AA11-D93D0BC6C8BE}.Release|Any CPU.Build.0 = Release|Any CPU
		{36BC37AF-A95D-49E0-AA11-D93D0BC6C8BE}.Release|x64.ActiveCfg = Release|Any CPU
		{36BC37AF-A95D-49E0-AA11-D93D0BC6C8BE}.Release|x64.Build.0 = Release|Any CPU
		{36BC37AF-A95D-49E0-AA11-D93D0BC6C8BE}.Release|x86.ActiveCfg = Release|Any CPU
		{36BC37AF-A95D-49E0-AA11-D93D0BC6C8BE}.Release|x86.Build.0 = Release|Any CPU
		{56564466-C890-48BC-B034-4CC4AC72DB84}.Debug|Any CPU.ActiveCfg = Debug|Any CPU
		{56564466-C890-48BC-B034-4CC4AC72DB84}.Debug|Any CPU.Build.0 = Debug|Any CPU
		{56564466-C890-48BC-B034-4CC4AC72DB84}.Debug|x64.ActiveCfg = Debug|Any CPU
		{56564466-C890-48BC-B034-4CC4AC72DB84}.Debug|x64.Build.0 = Debug|Any CPU
		{56564466-C890-48BC-B034-4CC4AC72DB84}.Debug|x86.ActiveCfg = Debug|Any CPU
		{56564466-C890-48BC-B034-4CC4AC72DB84}.Debug|x86.Build.0 = Debug|Any CPU
		{56564466-C890-48BC-B034-4CC4AC72DB84}.Release|Any CPU.ActiveCfg = Release|Any CPU
		{56564466-C890-48BC-B034-4CC4AC72DB84}.Release|Any CPU.Build.0 = Release|Any CPU
		{56564466-C890-48BC-B034-4CC4AC72DB84}.Release|x64.ActiveCfg = Release|Any CPU
		{56564466-C890-48BC-B034-4CC4AC72DB84}.Release|x64.Build.0 = Release|Any CPU
		{56564466-C890-48BC-B034-4CC4AC72DB84}.Release|x86.ActiveCfg = Release|Any CPU
		{56564466-C890-48BC-B034-4CC4AC72DB84}.Release|x86.Build.0 = Release|Any CPU
	EndGlobalSection
	GlobalSection(SolutionProperties) = preSolution
		HideSolutionNode = FALSE
	EndGlobalSection
	GlobalSection(NestedProjects) = preSolution
		{C8E42992-5E42-0C2B-DBFE-AA848D06431C} = {827E0CD3-B72D-47B6-A68D-7590B98EB39B}
		{54DC431A-E22C-409F-AD5E-58CF676AFD40} = {C8E42992-5E42-0C2B-DBFE-AA848D06431C}
		{A12D991D-5797-41B4-A413-B08872B1B461} = {C8E42992-5E42-0C2B-DBFE-AA848D06431C}
		{984BB9B3-3FA3-BE33-9484-CAC21695A33C} = {827E0CD3-B72D-47B6-A68D-7590B98EB39B}
		{36CD5346-72D2-457E-98EB-66A2028EC214} = {984BB9B3-3FA3-BE33-9484-CAC21695A33C}
		{49DB18D8-1838-4587-9B2D-CF60AD8DC7AC} = {984BB9B3-3FA3-BE33-9484-CAC21695A33C}
		{ADE22B5B-6BD5-42C3-B43E-60340CCA5425} = {984BB9B3-3FA3-BE33-9484-CAC21695A33C}
		{6306A8FB-679E-111F-6585-8F70E0EE6013} = {827E0CD3-B72D-47B6-A68D-7590B98EB39B}
		{36BC37AF-A95D-49E0-AA11-D93D0BC6C8BE} = {6306A8FB-679E-111F-6585-8F70E0EE6013}
		{03997797-E7F5-0643-168D-B8EA7178C2FE} = {827E0CD3-B72D-47B6-A68D-7590B98EB39B}
		{56564466-C890-48BC-B034-4CC4AC72DB84} = {03997797-E7F5-0643-168D-B8EA7178C2FE}
	EndGlobalSection
EndGlobal
